
Microsoft Visual Studio Solution File, Format Version 12.00
# Visual Studio Version 17
VisualStudioVersion = 17.14.36301.6 d17.14
MinimumVisualStudioVersion = 10.0.40219.1
Project("{FAE04EC0-301F-11D3-BF4B-00C04F79EFBC}") = "ProjectTakeCareBack", "ProjectTakeCareBack\ProjectTakeCareBack.csproj", "{7D716E81-D2F6-4757-90DA-F6C0B0222BA1}"
EndProject
Global
	GlobalSection(SolutionConfigurationPlatforms) = preSolution
		Debug|Any CPU = Debug|Any CPU
		Release|Any CPU = Release|Any CPU
	EndGlobalSection
	GlobalSection(ProjectConfigurationPlatforms) = postSolution
		{7D716E81-D2F6-4757-90DA-F6C0B0222BA1}.Debug|Any CPU.ActiveCfg = Debug|Any CPU
		{7D716E81-D2F6-4757-90DA-F6C0B0222BA1}.Debug|Any CPU.Build.0 = Debug|Any CPU
		{7D716E81-D2F6-4757-90DA-F6C0B0222BA1}.Release|Any CPU.ActiveCfg = Release|Any CPU
		{7D716E81-D2F6-4757-90DA-F6C0B0222BA1}.Release|Any CPU.Build.0 = Release|Any CPU
	EndGlobalSection
	GlobalSection(SolutionProperties) = preSolution
		HideSolutionNode = FALSE
	EndGlobalSection
	GlobalSection(ExtensibilityGlobals) = postSolution
		SolutionGuid = {7D2EEEF1-354D-41A7-B4B0-153014C80D0C}
	EndGlobalSection
EndGlobal
